
Microsoft Visual Studio Solution File, Format Version 12.00
# Visual Studio 14
VisualStudioVersion = 14.0.25420.1
MinimumVisualStudioVersion = 10.0.40219.1
Project("{FAE04EC0-301F-11D3-BF4B-00C04F79EFBC}") = "FPLDQ.Entity", "FPLDQ.Entity\FPLDQ.Entity.csproj", "{D4B17678-E12B-42AD-8C0C-9976B06012C6}"
EndProject
Project("{FAE04EC0-301F-11D3-BF4B-00C04F79EFBC}") = "FPLDQ.Common", "FPLDQ.Common\FPLDQ.Common.csproj", "{080F1825-33DB-4D0C-BB01-755E70F09C5D}"
EndProject
Project("{FAE04EC0-301F-11D3-BF4B-00C04F79EFBC}") = "FPLDQ.Data", "FPLDQ.Data\FPLDQ.Data.csproj", "{BE4BAA3C-8991-4CDD-8044-13FE3C420BB1}"
EndProject
Project("{FAE04EC0-301F-11D3-BF4B-00C04F79EFBC}") = "FPLDQ.Web", "Web\FPLDQ.Web.csproj", "{79175F9F-2B0E-4B57-BA75-5AA59D14A0A1}"
EndProject
Project("{FAE04EC0-301F-11D3-BF4B-00C04F79EFBC}") = "FPLDQ.DataController", "FPLDQ.DataController\FPLDQ.DataController.csproj", "{E7181F41-93E0-4203-A4D6-11214A11F6D3}"
EndProject
Project("{2150E333-8FDC-42A3-9474-1A3956D46DE8}") = "lib", "lib", "{F9AE9D3D-D29A-47A2-A791-4F8D72F4E26E}"
	ProjectSection(SolutionItems) = preProject
		lib\Aspose.Cells.dll = lib\Aspose.Cells.dll
		lib\Aspose.Pdf.dll = lib\Aspose.Pdf.dll
		lib\Aspose.Slides.dll = lib\Aspose.Slides.dll
		lib\Aspose.Words.dll = lib\Aspose.Words.dll
		lib\EntityFramework.dll = lib\EntityFramework.dll
		lib\EntityFramework.SqlServer.dll = lib\EntityFramework.SqlServer.dll
		lib\EntityFramework.SqlServer.xml = lib\EntityFramework.SqlServer.xml
		lib\EntityFramework.xml = lib\EntityFramework.xml
		F:\柳钢\2019\liugang\packages\Gma.QrCodeNet.Encoding.dll = F:\柳钢\2019\liugang\packages\Gma.QrCodeNet.Encoding.dll
		F:\柳钢\2019\liugang\OThinker.H3.Controller\bin\ICSharpCode.SharpZipLib.dll = F:\柳钢\2019\liugang\OThinker.H3.Controller\bin\ICSharpCode.SharpZipLib.dll
		lib\Microsoft.AspNet.Identity.Core.dll = lib\Microsoft.AspNet.Identity.Core.dll
		lib\Microsoft.AspNet.Identity.Core.xml = lib\Microsoft.AspNet.Identity.Core.xml
		lib\Microsoft.AspNet.Identity.EntityFramework.dll = lib\Microsoft.AspNet.Identity.EntityFramework.dll
		lib\Microsoft.AspNet.Identity.EntityFramework.xml = lib\Microsoft.AspNet.Identity.EntityFramework.xml
		lib\Microsoft.Owin.resources.dll = lib\Microsoft.Owin.resources.dll
		lib\Microsoft.Owin.Security.dll = lib\Microsoft.Owin.Security.dll
		lib\Microsoft.Owin.Security.XML = lib\Microsoft.Owin.Security.XML
		lib\Microsoft.Owin.xml = lib\Microsoft.Owin.xml
		lib\Microsoft.Practices.EnterpriseLibrary.Data.dll = lib\Microsoft.Practices.EnterpriseLibrary.Data.dll
		lib\System.Web.Mvc.dll = lib\System.Web.Mvc.dll
		lib\System.Web.Mvc.xml = lib\System.Web.Mvc.xml
	EndProjectSection
EndProject
Project("{FAE04EC0-301F-11D3-BF4B-00C04F79EFBC}") = "FPLDQ.MvcController", "FPLDQ.MvcController\FPLDQ.MvcController.csproj", "{3A90C57A-A5F6-4C8C-A080-1F37995CDA49}"
EndProject
Global
	GlobalSection(SolutionConfigurationPlatforms) = preSolution
		Debug|Any CPU = Debug|Any CPU
		Release|Any CPU = Release|Any CPU
	EndGlobalSection
	GlobalSection(ProjectConfigurationPlatforms) = postSolution
		{D4B17678-E12B-42AD-8C0C-9976B06012C6}.Debug|Any CPU.ActiveCfg = Debug|Any CPU
		{D4B17678-E12B-42AD-8C0C-9976B06012C6}.Debug|Any CPU.Build.0 = Debug|Any CPU
		{D4B17678-E12B-42AD-8C0C-9976B06012C6}.Release|Any CPU.ActiveCfg = Release|Any CPU
		{D4B17678-E12B-42AD-8C0C-9976B06012C6}.Release|Any CPU.Build.0 = Release|Any CPU
		{080F1825-33DB-4D0C-BB01-755E70F09C5D}.Debug|Any CPU.ActiveCfg = Debug|Any CPU
		{080F1825-33DB-4D0C-BB01-755E70F09C5D}.Debug|Any CPU.Build.0 = Debug|Any CPU
		{080F1825-33DB-4D0C-BB01-755E70F09C5D}.Release|Any CPU.ActiveCfg = Release|Any CPU
		{080F1825-33DB-4D0C-BB01-755E70F09C5D}.Release|Any CPU.Build.0 = Release|Any CPU
		{BE4BAA3C-8991-4CDD-8044-13FE3C420BB1}.Debug|Any CPU.ActiveCfg = Debug|Any CPU
		{BE4BAA3C-8991-4CDD-8044-13FE3C420BB1}.Debug|Any CPU.Build.0 = Debug|Any CPU
		{BE4BAA3C-8991-4CDD-8044-13FE3C420BB1}.Release|Any CPU.ActiveCfg = Release|Any CPU
		{BE4BAA3C-8991-4CDD-8044-13FE3C420BB1}.Release|Any CPU.Build.0 = Release|Any CPU
		{79175F9F-2B0E-4B57-BA75-5AA59D14A0A1}.Debug|Any CPU.ActiveCfg = Debug|Any CPU
		{79175F9F-2B0E-4B57-BA75-5AA59D14A0A1}.Debug|Any CPU.Build.0 = Debug|Any CPU
		{79175F9F-2B0E-4B57-BA75-5AA59D14A0A1}.Release|Any CPU.ActiveCfg = Release|Any CPU
		{79175F9F-2B0E-4B57-BA75-5AA59D14A0A1}.Release|Any CPU.Build.0 = Release|Any CPU
		{E7181F41-93E0-4203-A4D6-11214A11F6D3}.Debug|Any CPU.ActiveCfg = Debug|Any CPU
		{E7181F41-93E0-4203-A4D6-11214A11F6D3}.Debug|Any CPU.Build.0 = Debug|Any CPU
		{E7181F41-93E0-4203-A4D6-11214A11F6D3}.Release|Any CPU.ActiveCfg = Release|Any CPU
		{E7181F41-93E0-4203-A4D6-11214A11F6D3}.Release|Any CPU.Build.0 = Release|Any CPU
		{3A90C57A-A5F6-4C8C-A080-1F37995CDA49}.Debug|Any CPU.ActiveCfg = Debug|Any CPU
		{3A90C57A-A5F6-4C8C-A080-1F37995CDA49}.Debug|Any CPU.Build.0 = Debug|Any CPU
		{3A90C57A-A5F6-4C8C-A080-1F37995CDA49}.Release|Any CPU.ActiveCfg = Release|Any CPU
		{3A90C57A-A5F6-4C8C-A080-1F37995CDA49}.Release|Any CPU.Build.0 = Release|Any CPU
	EndGlobalSection
	GlobalSection(SolutionProperties) = preSolution
		HideSolutionNode = FALSE
	EndGlobalSection
EndGlobal
